// !$*UTF8*$!
{
	archiveVersion = 1;
	classes = {
	};
	objectVersion = 55;
	objects = {

/* Begin PBXBuildFile section */
		B25BFDD027CA06DF00288ECA /* AppDelegate.swift in Sources */ = {isa = PBXBuildFile; fileRef = B25BFDCF27CA06DF00288ECA /* AppDelegate.swift */; };
		B25BFDD227CA06DF00288ECA /* SceneDelegate.swift in Sources */ = {isa = PBXBuildFile; fileRef = B25BFDD127CA06DF00288ECA /* SceneDelegate.swift */; };
		B25BFDD427CA06DF00288ECA /* HomeViewController.swift in Sources */ = {isa = PBXBuildFile; fileRef = B25BFDD327CA06DF00288ECA /* HomeViewController.swift */; };
		B25BFDD927CA06E200288ECA /* Assets.xcassets in Resources */ = {isa = PBXBuildFile; fileRef = B25BFDD827CA06E200288ECA /* Assets.xcassets */; };
		B25BFDDC27CA06E200288ECA /* LaunchScreen.storyboard in Resources */ = {isa = PBXBuildFile; fileRef = B25BFDDA27CA06E200288ECA /* LaunchScreen.storyboard */; };
		B25BFDEA27CA137400288ECA /* TabBarViewController.swift in Sources */ = {isa = PBXBuildFile; fileRef = B25BFDE927CA137400288ECA /* TabBarViewController.swift */; };
		B25BFDEC27CA150F00288ECA /* SearchViewController.swift in Sources */ = {isa = PBXBuildFile; fileRef = B25BFDEB27CA150F00288ECA /* SearchViewController.swift */; };
		B25BFDEE27CA15D300288ECA /* LibraryViewController.swift in Sources */ = {isa = PBXBuildFile; fileRef = B25BFDED27CA15D300288ECA /* LibraryViewController.swift */; };
		B25BFDF227CA178700288ECA /* AuthViewController.swift in Sources */ = {isa = PBXBuildFile; fileRef = B25BFDF127CA178700288ECA /* AuthViewController.swift */; };
		B25BFDF427CA17CA00288ECA /* WelcomeViewController.swift in Sources */ = {isa = PBXBuildFile; fileRef = B25BFDF327CA17CA00288ECA /* WelcomeViewController.swift */; };
		B25BFDF627CA17FD00288ECA /* SettingsViewController.swift in Sources */ = {isa = PBXBuildFile; fileRef = B25BFDF527CA17FD00288ECA /* SettingsViewController.swift */; };
		B25BFDF827CA184900288ECA /* ProfileViewController.swift in Sources */ = {isa = PBXBuildFile; fileRef = B25BFDF727CA184900288ECA /* ProfileViewController.swift */; };
		B25BFDFA27CA188700288ECA /* PlayerViewController.swift in Sources */ = {isa = PBXBuildFile; fileRef = B25BFDF927CA188700288ECA /* PlayerViewController.swift */; };
		B25BFDFC27CA18CB00288ECA /* PlaylistViewController.swift in Sources */ = {isa = PBXBuildFile; fileRef = B25BFDFB27CA18CB00288ECA /* PlaylistViewController.swift */; };
		B25BFDFE27CA192100288ECA /* SearchResultViewController.swift in Sources */ = {isa = PBXBuildFile; fileRef = B25BFDFD27CA192100288ECA /* SearchResultViewController.swift */; };
		B25BFE0027CA1B0F00288ECA /* AuthManager.swift in Sources */ = {isa = PBXBuildFile; fileRef = B25BFDFF27CA1B0F00288ECA /* AuthManager.swift */; };
		B25BFE0227CA1B5100288ECA /* APICaller.swift in Sources */ = {isa = PBXBuildFile; fileRef = B25BFE0127CA1B5100288ECA /* APICaller.swift */; };
		B25BFE0427CA1BA800288ECA /* HapticsManager.swift in Sources */ = {isa = PBXBuildFile; fileRef = B25BFE0327CA1BA800288ECA /* HapticsManager.swift */; };
		B25BFE0627CA1BF600288ECA /* Playlist.swift in Sources */ = {isa = PBXBuildFile; fileRef = B25BFE0527CA1BF600288ECA /* Playlist.swift */; };
		B25BFE0827CA1C3200288ECA /* AudioTrack.swift in Sources */ = {isa = PBXBuildFile; fileRef = B25BFE0727CA1C3200288ECA /* AudioTrack.swift */; };
		B25BFE0A27CA1C6C00288ECA /* Artist.swift in Sources */ = {isa = PBXBuildFile; fileRef = B25BFE0927CA1C6C00288ECA /* Artist.swift */; };
		B25BFE0C27CA1CCE00288ECA /* UserProfile.swift in Sources */ = {isa = PBXBuildFile; fileRef = B25BFE0B27CA1CCE00288ECA /* UserProfile.swift */; };
/* End PBXBuildFile section */

/* Begin PBXFileReference section */
		B25BFDCC27CA06DF00288ECA /* Spotify.app */ = {isa = PBXFileReference; explicitFileType = wrapper.application; includeInIndex = 0; path = Spotify.app; sourceTree = BUILT_PRODUCTS_DIR; };
		B25BFDCF27CA06DF00288ECA /* AppDelegate.swift */ = {isa = PBXFileReference; lastKnownFileType = sourcecode.swift; path = AppDelegate.swift; sourceTree = "<group>"; };
		B25BFDD127CA06DF00288ECA /* SceneDelegate.swift */ = {isa = PBXFileReference; lastKnownFileType = sourcecode.swift; path = SceneDelegate.swift; sourceTree = "<group>"; };
		B25BFDD327CA06DF00288ECA /* HomeViewController.swift */ = {isa = PBXFileReference; lastKnownFileType = sourcecode.swift; path = HomeViewController.swift; sourceTree = "<group>"; };
		B25BFDD827CA06E200288ECA /* Assets.xcassets */ = {isa = PBXFileReference; lastKnownFileType = folder.assetcatalog; path = Assets.xcassets; sourceTree = "<group>"; };
		B25BFDDB27CA06E200288ECA /* Base */ = {isa = PBXFileReference; lastKnownFileType = file.storyboard; name = Base; path = Base.lproj/LaunchScreen.storyboard; sourceTree = "<group>"; };
		B25BFDDD27CA06E200288ECA /* Info.plist */ = {isa = PBXFileReference; lastKnownFileType = text.plist.xml; path = Info.plist; sourceTree = "<group>"; };
		B25BFDE927CA137400288ECA /* TabBarViewController.swift */ = {isa = PBXFileReference; lastKnownFileType = sourcecode.swift; path = TabBarViewController.swift; sourceTree = "<group>"; };
		B25BFDEB27CA150F00288ECA /* SearchViewController.swift */ = {isa = PBXFileReference; lastKnownFileType = sourcecode.swift; path = SearchViewController.swift; sourceTree = "<group>"; };
		B25BFDED27CA15D300288ECA /* LibraryViewController.swift */ = {isa = PBXFileReference; lastKnownFileType = sourcecode.swift; path = LibraryViewController.swift; sourceTree = "<group>"; };
		B25BFDF127CA178700288ECA /* AuthViewController.swift */ = {isa = PBXFileReference; lastKnownFileType = sourcecode.swift; path = AuthViewController.swift; sourceTree = "<group>"; };
		B25BFDF327CA17CA00288ECA /* WelcomeViewController.swift */ = {isa = PBXFileReference; lastKnownFileType = sourcecode.swift; path = WelcomeViewController.swift; sourceTree = "<group>"; };
		B25BFDF527CA17FD00288ECA /* SettingsViewController.swift */ = {isa = PBXFileReference; lastKnownFileType = sourcecode.swift; path = SettingsViewController.swift; sourceTree = "<group>"; };
		B25BFDF727CA184900288ECA /* ProfileViewController.swift */ = {isa = PBXFileReference; lastKnownFileType = sourcecode.swift; path = ProfileViewController.swift; sourceTree = "<group>"; };
		B25BFDF927CA188700288ECA /* PlayerViewController.swift */ = {isa = PBXFileReference; lastKnownFileType = sourcecode.swift; path = PlayerViewController.swift; sourceTree = "<group>"; };
		B25BFDFB27CA18CB00288ECA /* PlaylistViewController.swift */ = {isa = PBXFileReference; lastKnownFileType = sourcecode.swift; path = PlaylistViewController.swift; sourceTree = "<group>"; };
		B25BFDFD27CA192100288ECA /* SearchResultViewController.swift */ = {isa = PBXFileReference; lastKnownFileType = sourcecode.swift; path = SearchResultViewController.swift; sourceTree = "<group>"; };
		B25BFDFF27CA1B0F00288ECA /* AuthManager.swift */ = {isa = PBXFileReference; lastKnownFileType = sourcecode.swift; path = AuthManager.swift; sourceTree = "<group>"; };
		B25BFE0127CA1B5100288ECA /* APICaller.swift */ = {isa = PBXFileReference; lastKnownFileType = sourcecode.swift; path = APICaller.swift; sourceTree = "<group>"; };
		B25BFE0327CA1BA800288ECA /* HapticsManager.swift */ = {isa = PBXFileReference; lastKnownFileType = sourcecode.swift; path = HapticsManager.swift; sourceTree = "<group>"; };
		B25BFE0527CA1BF600288ECA /* Playlist.swift */ = {isa = PBXFileReference; lastKnownFileType = sourcecode.swift; path = Playlist.swift; sourceTree = "<group>"; };
		B25BFE0727CA1C3200288ECA /* AudioTrack.swift */ = {isa = PBXFileReference; lastKnownFileType = sourcecode.swift; path = AudioTrack.swift; sourceTree = "<group>"; };
		B25BFE0927CA1C6C00288ECA /* Artist.swift */ = {isa = PBXFileReference; lastKnownFileType = sourcecode.swift; path = Artist.swift; sourceTree = "<group>"; };
		B25BFE0B27CA1CCE00288ECA /* UserProfile.swift */ = {isa = PBXFileReference; lastKnownFileType = sourcecode.swift; path = UserProfile.swift; sourceTree = "<group>"; };
/* End PBXFileReference section */

/* Begin PBXFrameworksBuildPhase section */
		B25BFDC927CA06DF00288ECA /* Frameworks */ = {
			isa = PBXFrameworksBuildPhase;
			buildActionMask = 2147483647;
			files = (
			);
			runOnlyForDeploymentPostprocessing = 0;
		};
/* End PBXFrameworksBuildPhase section */

/* Begin PBXGroup section */
		B25BFDC327CA06DF00288ECA = {
			isa = PBXGroup;
			children = (
				B25BFDCE27CA06DF00288ECA /* Spotify */,
				B25BFDCD27CA06DF00288ECA /* Products */,
			);
			sourceTree = "<group>";
		};
		B25BFDCD27CA06DF00288ECA /* Products */ = {
			isa = PBXGroup;
			children = (
				B25BFDCC27CA06DF00288ECA /* Spotify.app */,
			);
			name = Products;
			sourceTree = "<group>";
		};
		B25BFDCE27CA06DF00288ECA /* Spotify */ = {
			isa = PBXGroup;
			children = (
				B25BFDE827CA080E00288ECA /* Resources */,
				B25BFDE727CA07AA00288ECA /* Managers */,
				B25BFDE627CA078C00288ECA /* ViewModels */,
				B25BFDE527CA077800288ECA /* Models */,
				B25BFDE427CA076400288ECA /* Views */,
				B25BFDE327CA074E00288ECA /* Controllers */,
				B25BFDDD27CA06E200288ECA /* Info.plist */,
			);
			path = Spotify;
			sourceTree = "<group>";
		};
		B25BFDE327CA074E00288ECA /* Controllers */ = {
			isa = PBXGroup;
			children = (
				B25BFDF027CA162600288ECA /* Other */,
				B25BFDEF27CA160400288ECA /* Core */,
			);
			path = Controllers;
			sourceTree = "<group>";
		};
		B25BFDE427CA076400288ECA /* Views */ = {
			isa = PBXGroup;
			children = (
				B25BFDDA27CA06E200288ECA /* LaunchScreen.storyboard */,
			);
			path = Views;
			sourceTree = "<group>";
		};
		B25BFDE527CA077800288ECA /* Models */ = {
			isa = PBXGroup;
			children = (
				B25BFE0527CA1BF600288ECA /* Playlist.swift */,
				B25BFE0727CA1C3200288ECA /* AudioTrack.swift */,
				B25BFE0927CA1C6C00288ECA /* Artist.swift */,
				B25BFE0B27CA1CCE00288ECA /* UserProfile.swift */,
			);
			path = Models;
			sourceTree = "<group>";
		};
		B25BFDE627CA078C00288ECA /* ViewModels */ = {
			isa = PBXGroup;
			children = (
			);
			path = ViewModels;
			sourceTree = "<group>";
		};
		B25BFDE727CA07AA00288ECA /* Managers */ = {
			isa = PBXGroup;
			children = (
				B25BFDFF27CA1B0F00288ECA /* AuthManager.swift */,
				B25BFE0127CA1B5100288ECA /* APICaller.swift */,
				B25BFE0327CA1BA800288ECA /* HapticsManager.swift */,
			);
			path = Managers;
			sourceTree = "<group>";
		};
		B25BFDE827CA080E00288ECA /* Resources */ = {
			isa = PBXGroup;
			children = (
				B25BFDD827CA06E200288ECA /* Assets.xcassets */,
				B25BFDCF27CA06DF00288ECA /* AppDelegate.swift */,
				B25BFDD127CA06DF00288ECA /* SceneDelegate.swift */,
			);
			path = Resources;
			sourceTree = "<group>";
		};
		B25BFDEF27CA160400288ECA /* Core */ = {
			isa = PBXGroup;
			children = (
				B25BFDE927CA137400288ECA /* TabBarViewController.swift */,
				B25BFDD327CA06DF00288ECA /* HomeViewController.swift */,
				B25BFDEB27CA150F00288ECA /* SearchViewController.swift */,
				B25BFDED27CA15D300288ECA /* LibraryViewController.swift */,
			);
			path = Core;
			sourceTree = "<group>";
		};
		B25BFDF027CA162600288ECA /* Other */ = {
			isa = PBXGroup;
			children = (
				B25BFDF127CA178700288ECA /* AuthViewController.swift */,
				B25BFDF327CA17CA00288ECA /* WelcomeViewController.swift */,
				B25BFDF527CA17FD00288ECA /* SettingsViewController.swift */,
				B25BFDF727CA184900288ECA /* ProfileViewController.swift */,
				B25BFDF927CA188700288ECA /* PlayerViewController.swift */,
				B25BFDFB27CA18CB00288ECA /* PlaylistViewController.swift */,
				B25BFDFD27CA192100288ECA /* SearchResultViewController.swift */,
			);
			path = Other;
			sourceTree = "<group>";
		};
/* End PBXGroup section */

/* Begin PBXNativeTarget section */
		B25BFDCB27CA06DF00288ECA /* Spotify */ = {
			isa = PBXNativeTarget;
			buildConfigurationList = B25BFDE027CA06E200288ECA /* Build configuration list for PBXNativeTarget "Spotify" */;
			buildPhases = (
				B25BFDC827CA06DF00288ECA /* Sources */,
				B25BFDC927CA06DF00288ECA /* Frameworks */,
				B25BFDCA27CA06DF00288ECA /* Resources */,
			);
			buildRules = (
			);
			dependencies = (
			);
			name = Spotify;
			productName = Spotify;
			productReference = B25BFDCC27CA06DF00288ECA /* Spotify.app */;
			productType = "com.apple.product-type.application";
		};
/* End PBXNativeTarget section */

/* Begin PBXProject section */
		B25BFDC427CA06DF00288ECA /* Project object */ = {
			isa = PBXProject;
			attributes = {
				BuildIndependentTargetsInParallel = 1;
				LastSwiftUpdateCheck = 1320;
				LastUpgradeCheck = 1320;
				TargetAttributes = {
					B25BFDCB27CA06DF00288ECA = {
						CreatedOnToolsVersion = 13.2.1;
					};
				};
			};
			buildConfigurationList = B25BFDC727CA06DF00288ECA /* Build configuration list for PBXProject "Spotify" */;
			compatibilityVersion = "Xcode 13.0";
			developmentRegion = en;
			hasScannedForEncodings = 0;
			knownRegions = (
				en,
				Base,
			);
			mainGroup = B25BFDC327CA06DF00288ECA;
			productRefGroup = B25BFDCD27CA06DF00288ECA /* Products */;
			projectDirPath = "";
			projectRoot = "";
			targets = (
				B25BFDCB27CA06DF00288ECA /* Spotify */,
			);
		};
/* End PBXProject section */

/* Begin PBXResourcesBuildPhase section */
		B25BFDCA27CA06DF00288ECA /* Resources */ = {
			isa = PBXResourcesBuildPhase;
			buildActionMask = 2147483647;
			files = (
				B25BFDDC27CA06E200288ECA /* LaunchScreen.storyboard in Resources */,
				B25BFDD927CA06E200288ECA /* Assets.xcassets in Resources */,
			);
			runOnlyForDeploymentPostprocessing = 0;
		};
/* End PBXResourcesBuildPhase section */

/* Begin PBXSourcesBuildPhase section */
		B25BFDC827CA06DF00288ECA /* Sources */ = {
			isa = PBXSourcesBuildPhase;
			buildActionMask = 2147483647;
			files = (
				B25BFDEC27CA150F00288ECA /* SearchViewController.swift in Sources */,
				B25BFE0627CA1BF600288ECA /* Playlist.swift in Sources */,
				B25BFE0027CA1B0F00288ECA /* AuthManager.swift in Sources */,
				B25BFDF427CA17CA00288ECA /* WelcomeViewController.swift in Sources */,
				B25BFDF827CA184900288ECA /* ProfileViewController.swift in Sources */,
				B25BFDEA27CA137400288ECA /* TabBarViewController.swift in Sources */,
				B25BFDD427CA06DF00288ECA /* HomeViewController.swift in Sources */,
				B25BFE0427CA1BA800288ECA /* HapticsManager.swift in Sources */,
				B25BFE0827CA1C3200288ECA /* AudioTrack.swift in Sources */,
				B25BFDF227CA178700288ECA /* AuthViewController.swift in Sources */,
				B25BFDD027CA06DF00288ECA /* AppDelegate.swift in Sources */,
				B25BFDEE27CA15D300288ECA /* LibraryViewController.swift in Sources */,
				B25BFE0C27CA1CCE00288ECA /* UserProfile.swift in Sources */,
				B25BFDFC27CA18CB00288ECA /* PlaylistViewController.swift in Sources */,
				B25BFE0A27CA1C6C00288ECA /* Artist.swift in Sources */,
				B25BFDD227CA06DF00288ECA /* SceneDelegate.swift in Sources */,
				B25BFDFA27CA188700288ECA /* PlayerViewController.swift in Sources */,
				B25BFDFE27CA192100288ECA /* SearchResultViewController.swift in Sources */,
				B25BFE0227CA1B5100288ECA /* APICaller.swift in Sources */,
				B25BFDF627CA17FD00288ECA /* SettingsViewController.swift in Sources */,
			);
			runOnlyForDeploymentPostprocessing = 0;
		};
/* End PBXSourcesBuildPhase section */

/* Begin PBXVariantGroup section */
		B25BFDDA27CA06E200288ECA /* LaunchScreen.storyboard */ = {
			isa = PBXVariantGroup;
			children = (
				B25BFDDB27CA06E200288ECA /* Base */,
			);
			name = LaunchScreen.storyboard;
			sourceTree = "<group>";
		};
/* End PBXVariantGroup section */

/* Begin XCBuildConfiguration section */
		B25BFDDE27CA06E200288ECA /* Debug */ = {
			isa = XCBuildConfiguration;
			buildSettings = {
				ALWAYS_SEARCH_USER_PATHS = NO;
				CLANG_ANALYZER_NONNULL = YES;
				CLANG_ANALYZER_NUMBER_OBJECT_CONVERSION = YES_AGGRESSIVE;
				CLANG_CXX_LANGUAGE_STANDARD = "gnu++17";
				CLANG_CXX_LIBRARY = "libc++";
				CLANG_ENABLE_MODULES = YES;
				CLANG_ENABLE_OBJC_ARC = YES;
				CLANG_ENABLE_OBJC_WEAK = YES;
				CLANG_WARN_BLOCK_CAPTURE_AUTORELEASING = YES;
				CLANG_WARN_BOOL_CONVERSION = YES;
				CLANG_WARN_COMMA = YES;
				CLANG_WARN_CONSTANT_CONVERSION = YES;
				CLANG_WARN_DEPRECATED_OBJC_IMPLEMENTATIONS = YES;
				CLANG_WARN_DIRECT_OBJC_ISA_USAGE = YES_ERROR;
				CLANG_WARN_DOCUMENTATION_COMMENTS = YES;
				CLANG_WARN_EMPTY_BODY = YES;
				CLANG_WARN_ENUM_CONVERSION = YES;
				CLANG_WARN_INFINITE_RECURSION = YES;
				CLANG_WARN_INT_CONVERSION = YES;
				CLANG_WARN_NON_LITERAL_NULL_CONVERSION = YES;
				CLANG_WARN_OBJC_IMPLICIT_RETAIN_SELF = YES;
				CLANG_WARN_OBJC_LITERAL_CONVERSION = YES;
				CLANG_WARN_OBJC_ROOT_CLASS = YES_ERROR;
				CLANG_WARN_QUOTED_INCLUDE_IN_FRAMEWORK_HEADER = YES;
				CLANG_WARN_RANGE_LOOP_ANALYSIS = YES;
				CLANG_WARN_STRICT_PROTOTYPES = YES;
				CLANG_WARN_SUSPICIOUS_MOVE = YES;
				CLANG_WARN_UNGUARDED_AVAILABILITY = YES_AGGRESSIVE;
				CLANG_WARN_UNREACHABLE_CODE = YES;
				CLANG_WARN__DUPLICATE_METHOD_MATCH = YES;
				COPY_PHASE_STRIP = NO;
				DEBUG_INFORMATION_FORMAT = dwarf;
				ENABLE_STRICT_OBJC_MSGSEND = YES;
				ENABLE_TESTABILITY = YES;
				GCC_C_LANGUAGE_STANDARD = gnu11;
				GCC_DYNAMIC_NO_PIC = NO;
				GCC_NO_COMMON_BLOCKS = YES;
				GCC_OPTIMIZATION_LEVEL = 0;
				GCC_PREPROCESSOR_DEFINITIONS = (
					"DEBUG=1",
					"$(inherited)",
				);
				GCC_WARN_64_TO_32_BIT_CONVERSION = YES;
				GCC_WARN_ABOUT_RETURN_TYPE = YES_ERROR;
				GCC_WARN_UNDECLARED_SELECTOR = YES;
				GCC_WARN_UNINITIALIZED_AUTOS = YES_AGGRESSIVE;
				GCC_WARN_UNUSED_FUNCTION = YES;
				GCC_WARN_UNUSED_VARIABLE = YES;
				IPHONEOS_DEPLOYMENT_TARGET = 15.2;
				MTL_ENABLE_DEBUG_INFO = INCLUDE_SOURCE;
				MTL_FAST_MATH = YES;
				ONLY_ACTIVE_ARCH = YES;
				SDKROOT = iphoneos;
				SWIFT_ACTIVE_COMPILATION_CONDITIONS = DEBUG;
				SWIFT_OPTIMIZATION_LEVEL = "-Onone";
			};
			name = Debug;
		};
		B25BFDDF27CA06E200288ECA /* Release */ = {
			isa = XCBuildConfiguration;
			buildSettings = {
				ALWAYS_SEARCH_USER_PATHS = NO;
				CLANG_ANALYZER_NONNULL = YES;
				CLANG_ANALYZER_NUMBER_OBJECT_CONVERSION = YES_AGGRESSIVE;
				CLANG_CXX_LANGUAGE_STANDARD = "gnu++17";
				CLANG_CXX_LIBRARY = "libc++";
				CLANG_ENABLE_MODULES = YES;
				CLANG_ENABLE_OBJC_ARC = YES;
				CLANG_ENABLE_OBJC_WEAK = YES;
				CLANG_WARN_BLOCK_CAPTURE_AUTORELEASING = YES;
				CLANG_WARN_BOOL_CONVERSION = YES;
				CLANG_WARN_COMMA = YES;
				CLANG_WARN_CONSTANT_CONVERSION = YES;
				CLANG_WARN_DEPRECATED_OBJC_IMPLEMENTATIONS = YES;
				CLANG_WARN_DIRECT_OBJC_ISA_USAGE = YES_ERROR;
				CLANG_WARN_DOCUMENTATION_COMMENTS = YES;
				CLANG_WARN_EMPTY_BODY = YES;
				CLANG_WARN_ENUM_CONVERSION = YES;
				CLANG_WARN_INFINITE_RECURSION = YES;
				CLANG_WARN_INT_CONVERSION = YES;
				CLANG_WARN_NON_LITERAL_NULL_CONVERSION = YES;
				CLANG_WARN_OBJC_IMPLICIT_RETAIN_SELF = YES;
				CLANG_WARN_OBJC_LITERAL_CONVERSION = YES;
				CLANG_WARN_OBJC_ROOT_CLASS = YES_ERROR;
				CLANG_WARN_QUOTED_INCLUDE_IN_FRAMEWORK_HEADER = YES;
				CLANG_WARN_RANGE_LOOP_ANALYSIS = YES;
				CLANG_WARN_STRICT_PROTOTYPES = YES;
				CLANG_WARN_SUSPICIOUS_MOVE = YES;
				CLANG_WARN_UNGUARDED_AVAILABILITY = YES_AGGRESSIVE;
				CLANG_WARN_UNREACHABLE_CODE = YES;
				CLANG_WARN__DUPLICATE_METHOD_MATCH = YES;
				COPY_PHASE_STRIP = NO;
				DEBUG_INFORMATION_FORMAT = "dwarf-with-dsym";
				ENABLE_NS_ASSERTIONS = NO;
				ENABLE_STRICT_OBJC_MSGSEND = YES;
				GCC_C_LANGUAGE_STANDARD = gnu11;
				GCC_NO_COMMON_BLOCKS = YES;
				GCC_WARN_64_TO_32_BIT_CONVERSION = YES;
				GCC_WARN_ABOUT_RETURN_TYPE = YES_ERROR;
				GCC_WARN_UNDECLARED_SELECTOR = YES;
				GCC_WARN_UNINITIALIZED_AUTOS = YES_AGGRESSIVE;
				GCC_WARN_UNUSED_FUNCTION = YES;
				GCC_WARN_UNUSED_VARIABLE = YES;
				IPHONEOS_DEPLOYMENT_TARGET = 15.2;
				MTL_ENABLE_DEBUG_INFO = NO;
				MTL_FAST_MATH = YES;
				SDKROOT = iphoneos;
				SWIFT_COMPILATION_MODE = wholemodule;
				SWIFT_OPTIMIZATION_LEVEL = "-O";
				VALIDATE_PRODUCT = YES;
			};
			name = Release;
		};
		B25BFDE127CA06E200288ECA /* Debug */ = {
			isa = XCBuildConfiguration;
			buildSettings = {
				ASSETCATALOG_COMPILER_APPICON_NAME = AppIcon;
				ASSETCATALOG_COMPILER_GLOBAL_ACCENT_COLOR_NAME = AccentColor;
				CODE_SIGN_STYLE = Automatic;
				CURRENT_PROJECT_VERSION = 1;
				DEVELOPMENT_TEAM = 9LDWUP27AK;
				GENERATE_INFOPLIST_FILE = YES;
				INFOPLIST_FILE = Spotify/Info.plist;
				INFOPLIST_KEY_UIApplicationSupportsIndirectInputEvents = YES;
				INFOPLIST_KEY_UILaunchStoryboardName = LaunchScreen;
				INFOPLIST_KEY_UISupportedInterfaceOrientations_iPad = "UIInterfaceOrientationPortrait UIInterfaceOrientationPortraitUpsideDown UIInterfaceOrientationLandscapeLeft UIInterfaceOrientationLandscapeRight";
				INFOPLIST_KEY_UISupportedInterfaceOrientations_iPhone = "UIInterfaceOrientationPortrait UIInterfaceOrientationLandscapeLeft UIInterfaceOrientationLandscapeRight";
				IPHONEOS_DEPLOYMENT_TARGET = 14.4;
				LD_RUNPATH_SEARCH_PATHS = (
					"$(inherited)",
					"@executable_path/Frameworks",
				);
				MARKETING_VERSION = 1.0;
				PRODUCT_BUNDLE_IDENTIFIER = com.mysite.Spotify;
				PRODUCT_NAME = "$(TARGET_NAME)";
				SWIFT_EMIT_LOC_STRINGS = YES;
				SWIFT_VERSION = 5.0;
				TARGETED_DEVICE_FAMILY = "1,2";
			};
			name = Debug;
		};
		B25BFDE227CA06E200288ECA /* Release */ = {
			isa = XCBuildConfiguration;
			buildSettings = {
				ASSETCATALOG_COMPILER_APPICON_NAME = AppIcon;
				ASSETCATALOG_COMPILER_GLOBAL_ACCENT_COLOR_NAME = AccentColor;
				CODE_SIGN_STYLE = Automatic;
				CURRENT_PROJECT_VERSION = 1;
				DEVELOPMENT_TEAM = 9LDWUP27AK;
				GENERATE_INFOPLIST_FILE = YES;
				INFOPLIST_FILE = Spotify/Info.plist;
				INFOPLIST_KEY_UIApplicationSupportsIndirectInputEvents = YES;
				INFOPLIST_KEY_UILaunchStoryboardName = LaunchScreen;
				INFOPLIST_KEY_UISupportedInterfaceOrientations_iPad = "UIInterfaceOrientationPortrait UIInterfaceOrientationPortraitUpsideDown UIInterfaceOrientationLandscapeLeft UIInterfaceOrientationLandscapeRight";
				INFOPLIST_KEY_UISupportedInterfaceOrientations_iPhone = "UIInterfaceOrientationPortrait UIInterfaceOrientationLandscapeLeft UIInterfaceOrientationLandscapeRight";
				IPHONEOS_DEPLOYMENT_TARGET = 14.4;
				LD_RUNPATH_SEARCH_PATHS = (
					"$(inherited)",
					"@executable_path/Frameworks",
				);
				MARKETING_VERSION = 1.0;
				PRODUCT_BUNDLE_IDENTIFIER = com.mysite.Spotify;
				PRODUCT_NAME = "$(TARGET_NAME)";
				SWIFT_EMIT_LOC_STRINGS = YES;
				SWIFT_VERSION = 5.0;
				TARGETED_DEVICE_FAMILY = "1,2";
			};
			name = Release;
		};
/* End XCBuildConfiguration section */

/* Begin XCConfigurationList section */
		B25BFDC727CA06DF00288ECA /* Build configuration list for PBXProject "Spotify" */ = {
			isa = XCConfigurationList;
			buildConfigurations = (
				B25BFDDE27CA06E200288ECA /* Debug */,
				B25BFDDF27CA06E200288ECA /* Release */,
			);
			defaultConfigurationIsVisible = 0;
			defaultConfigurationName = Release;
		};
		B25BFDE027CA06E200288ECA /* Build configuration list for PBXNativeTarget "Spotify" */ = {
			isa = XCConfigurationList;
			buildConfigurations = (
				B25BFDE127CA06E200288ECA /* Debug */,
				B25BFDE227CA06E200288ECA /* Release */,
			);
			defaultConfigurationIsVisible = 0;
			defaultConfigurationName = Release;
		};
/* End XCConfigurationList section */
	};
	rootObject = B25BFDC427CA06DF00288ECA /* Project object */;
}
